
Microsoft Visual Studio Solution File, Format Version 12.00
# Visual Studio Version 16
VisualStudioVersion = 16.0.30204.135
MinimumVisualStudioVersion = 10.0.40219.1
Project("{FAE04EC0-301F-11D3-BF4B-00C04F79EFBC}") = "Lab15.2CreatingRestAPI", "Lab15.2CreatingRestAPI\Lab15.2CreatingRestAPI.csproj", "{09A0CB2C-A0B8-44D9-911A-ACEE00E477D5}"
EndProject
Global
	GlobalSection(SolutionConfigurationPlatforms) = preSolution
		Debug|Any CPU = Debug|Any CPU
		Release|Any CPU = Release|Any CPU
	EndGlobalSection
	GlobalSection(ProjectConfigurationPlatforms) = postSolution
		{09A0CB2C-A0B8-44D9-911A-ACEE00E477D5}.Debug|Any CPU.ActiveCfg = Debug|Any CPU
		{09A0CB2C-A0B8-44D9-911A-ACEE00E477D5}.Debug|Any CPU.Build.0 = Debug|Any CPU
		{09A0CB2C-A0B8-44D9-911A-ACEE00E477D5}.Release|Any CPU.ActiveCfg = Release|Any CPU
		{09A0CB2C-A0B8-44D9-911A-ACEE00E477D5}.Release|Any CPU.Build.0 = Release|Any CPU
	EndGlobalSection
	GlobalSection(SolutionProperties) = preSolution
		HideSolutionNode = FALSE
	EndGlobalSection
	GlobalSection(ExtensibilityGlobals) = postSolution
		SolutionGuid = {49D72BF9-4434-45B4-87D3-BC5711830F0B}
	EndGlobalSection
EndGlobal
